
Microsoft Visual Studio Solution File, Format Version 12.00
# Visual Studio Version 17
VisualStudioVersion = 17.6.33829.357
MinimumVisualStudioVersion = 10.0.40219.1
Project("{FAE04EC0-301F-11D3-BF4B-00C04F79EFBC}") = "CompitiVacanze", "CompitiVacanze.csproj", "{E02AF1BF-381F-4B0A-A1D5-31731167F088}"
EndProject
Global
	GlobalSection(SolutionConfigurationPlatforms) = preSolution
		Debug|Any CPU = Debug|Any CPU
		Release|Any CPU = Release|Any CPU
	EndGlobalSection
	GlobalSection(ProjectConfigurationPlatforms) = postSolution
		{E02AF1BF-381F-4B0A-A1D5-31731167F088}.Debug|Any CPU.ActiveCfg = Debug|Any CPU
		{E02AF1BF-381F-4B0A-A1D5-31731167F088}.Debug|Any CPU.Build.0 = Debug|Any CPU
		{E02AF1BF-381F-4B0A-A1D5-31731167F088}.Release|Any CPU.ActiveCfg = Release|Any CPU
		{E02AF1BF-381F-4B0A-A1D5-31731167F088}.Release|Any CPU.Build.0 = Release|Any CPU
	EndGlobalSection
	GlobalSection(SolutionProperties) = preSolution
		HideSolutionNode = FALSE
	EndGlobalSection
	GlobalSection(ExtensibilityGlobals) = postSolution
		SolutionGuid = {94B76B1F-0F9B-45DA-8F04-5217F079E63E}
	EndGlobalSection
EndGlobal
